
Microsoft Visual Studio Solution File, Format Version 12.00
# Visual Studio Version 16
VisualStudioVersion = 16.0.34031.81
MinimumVisualStudioVersion = 10.0.40219.1
Project("{2150E333-8FDC-42A3-9474-1A3956D46DE8}") = "Task0", "Task0", "{43A50054-C3CF-4BDA-B16F-497CAC15D838}"
EndProject
Project("{FAE04EC0-301F-11D3-BF4B-00C04F79EFBC}") = "Tyuiu.ChebulaevAG.Sprint6.Task0.V17.Lib", "Tyuiu.ChebulaevAG.Sprint6.Task0.V17.Lib\Tyuiu.ChebulaevAG.Sprint6.Task0.V17.Lib.csproj", "{67C92317-A429-4D2B-890A-57A7B3FFFF4A}"
EndProject
Project("{FAE04EC0-301F-11D3-BF4B-00C04F79EFBC}") = "Tyuiu.ChebulaevAG.Sprint6.Task0.V17.Test", "Tyuiu.ChebulaevAG.Sprint6.Task0.V17.Test\Tyuiu.ChebulaevAG.Sprint6.Task0.V17.Test.csproj", "{1D20CE74-E412-48B1-B8A7-C71B9035B87B}"
EndProject
Project("{FAE04EC0-301F-11D3-BF4B-00C04F79EFBC}") = "Tyuiu.ChebulaevAG.Sprint6.Task0.V17", "Tyuiu.ChebulaevAG.Sprint6.Task0.V17\Tyuiu.ChebulaevAG.Sprint6.Task0.V17.csproj", "{B20B53F4-D736-4345-A02C-048BDF00AEEA}"
EndProject
Project("{2150E333-8FDC-42A3-9474-1A3956D46DE8}") = "Task1", "Task1", "{63DFAD3C-5EAA-4C65-B0ED-239A02584B58}"
EndProject
Project("{FAE04EC0-301F-11D3-BF4B-00C04F79EFBC}") = "Tyuiu.ChebulaevAG.Sprint6.Task1.V22.Lib", "Tyuiu.ChebulaevAG.Sprint6.Task1.V22.Lib\Tyuiu.ChebulaevAG.Sprint6.Task1.V22.Lib.csproj", "{88F15B7D-D490-4878-9B38-8C4B9D478C99}"
EndProject
Project("{FAE04EC0-301F-11D3-BF4B-00C04F79EFBC}") = "Tyuiu.ChebulaevAG.Sprint6.Task1.V22.Test", "Tyuiu.ChebulaevAG.Sprint6.Task1.V22.Test\Tyuiu.ChebulaevAG.Sprint6.Task1.V22.Test.csproj", "{649E51D6-E76C-4A14-9BB0-28743BDF5FAA}"
EndProject
Project("{FAE04EC0-301F-11D3-BF4B-00C04F79EFBC}") = "Tyuiu.ChebulaevAG.Sprint6.Task1.V22", "Tyuiu.ChebulaevAG.Sprint6.Task1.V22\Tyuiu.ChebulaevAG.Sprint6.Task1.V22.csproj", "{81979BEF-97BC-44C4-B96B-46BC617AD0BC}"
EndProject
Project("{2150E333-8FDC-42A3-9474-1A3956D46DE8}") = "Task2", "Task2", "{377E4794-BF0E-4202-A7AE-9A8C778C6FC2}"
EndProject
Project("{FAE04EC0-301F-11D3-BF4B-00C04F79EFBC}") = "Tyuiu.ChebulaevAG.Sprint6.Task2.V14.Lib", "Tyuiu.ChebulaevAG.Sprint6.Task2.V14.Lib\Tyuiu.ChebulaevAG.Sprint6.Task2.V14.Lib.csproj", "{2F517EB9-0F53-4512-A05D-CAC716249B7D}"
EndProject
Project("{FAE04EC0-301F-11D3-BF4B-00C04F79EFBC}") = "Tyuiu.ChebulaevAG.Sprint6.Task2.V14.Test", "Tyuiu.ChebulaevAG.Sprint6.Task2.V14.Test\Tyuiu.ChebulaevAG.Sprint6.Task2.V14.Test.csproj", "{AA27AB38-3779-4E77-8C45-072C310011C3}"
EndProject
Project("{FAE04EC0-301F-11D3-BF4B-00C04F79EFBC}") = "Tyuiu.ChebulaevAG.Sprint6.Task2.V14", "Tyuiu.ChebulaevAG.Sprint6.Task2.V14\Tyuiu.ChebulaevAG.Sprint6.Task2.V14.csproj", "{592C3E4F-1541-477E-9BFC-9CA98B0AD9CB}"
EndProject
Global
	GlobalSection(SolutionConfigurationPlatforms) = preSolution
		Debug|Any CPU = Debug|Any CPU
		Release|Any CPU = Release|Any CPU
	EndGlobalSection
	GlobalSection(ProjectConfigurationPlatforms) = postSolution
		{67C92317-A429-4D2B-890A-57A7B3FFFF4A}.Debug|Any CPU.ActiveCfg = Debug|Any CPU
		{67C92317-A429-4D2B-890A-57A7B3FFFF4A}.Debug|Any CPU.Build.0 = Debug|Any CPU
		{67C92317-A429-4D2B-890A-57A7B3FFFF4A}.Release|Any CPU.ActiveCfg = Release|Any CPU
		{67C92317-A429-4D2B-890A-57A7B3FFFF4A}.Release|Any CPU.Build.0 = Release|Any CPU
		{1D20CE74-E412-48B1-B8A7-C71B9035B87B}.Debug|Any CPU.ActiveCfg = Debug|Any CPU
		{1D20CE74-E412-48B1-B8A7-C71B9035B87B}.Debug|Any CPU.Build.0 = Debug|Any CPU
		{1D20CE74-E412-48B1-B8A7-C71B9035B87B}.Release|Any CPU.ActiveCfg = Release|Any CPU
		{1D20CE74-E412-48B1-B8A7-C71B9035B87B}.Release|Any CPU.Build.0 = Release|Any CPU
		{B20B53F4-D736-4345-A02C-048BDF00AEEA}.Debug|Any CPU.ActiveCfg = Debug|Any CPU
		{B20B53F4-D736-4345-A02C-048BDF00AEEA}.Debug|Any CPU.Build.0 = Debug|Any CPU
		{B20B53F4-D736-4345-A02C-048BDF00AEEA}.Release|Any CPU.ActiveCfg = Release|Any CPU
		{B20B53F4-D736-4345-A02C-048BDF00AEEA}.Release|Any CPU.Build.0 = Release|Any CPU
		{88F15B7D-D490-4878-9B38-8C4B9D478C99}.Debug|Any CPU.ActiveCfg = Debug|Any CPU
		{88F15B7D-D490-4878-9B38-8C4B9D478C99}.Debug|Any CPU.Build.0 = Debug|Any CPU
		{88F15B7D-D490-4878-9B38-8C4B9D478C99}.Release|Any CPU.ActiveCfg = Release|Any CPU
		{88F15B7D-D490-4878-9B38-8C4B9D478C99}.Release|Any CPU.Build.0 = Release|Any CPU
		{649E51D6-E76C-4A14-9BB0-28743BDF5FAA}.Debug|Any CPU.ActiveCfg = Debug|Any CPU
		{649E51D6-E76C-4A14-9BB0-28743BDF5FAA}.Debug|Any CPU.Build.0 = Debug|Any CPU
		{649E51D6-E76C-4A14-9BB0-28743BDF5FAA}.Release|Any CPU.ActiveCfg = Release|Any CPU
		{649E51D6-E76C-4A14-9BB0-28743BDF5FAA}.Release|Any CPU.Build.0 = Release|Any CPU
		{81979BEF-97BC-44C4-B96B-46BC617AD0BC}.Debug|Any CPU.ActiveCfg = Debug|Any CPU
		{81979BEF-97BC-44C4-B96B-46BC617AD0BC}.Debug|Any CPU.Build.0 = Debug|Any CPU
		{81979BEF-97BC-44C4-B96B-46BC617AD0BC}.Release|Any CPU.ActiveCfg = Release|Any CPU
		{81979BEF-97BC-44C4-B96B-46BC617AD0BC}.Release|Any CPU.Build.0 = Release|Any CPU
		{2F517EB9-0F53-4512-A05D-CAC716249B7D}.Debug|Any CPU.ActiveCfg = Debug|Any CPU
		{2F517EB9-0F53-4512-A05D-CAC716249B7D}.Debug|Any CPU.Build.0 = Debug|Any CPU
		{2F517EB9-0F53-4512-A05D-CAC716249B7D}.Release|Any CPU.ActiveCfg = Release|Any CPU
		{2F517EB9-0F53-4512-A05D-CAC716249B7D}.Release|Any CPU.Build.0 = Release|Any CPU
		{AA27AB38-3779-4E77-8C45-072C310011C3}.Debug|Any CPU.ActiveCfg = Debug|Any CPU
		{AA27AB38-3779-4E77-8C45-072C310011C3}.Debug|Any CPU.Build.0 = Debug|Any CPU
		{AA27AB38-3779-4E77-8C45-072C310011C3}.Release|Any CPU.ActiveCfg = Release|Any CPU
		{AA27AB38-3779-4E77-8C45-072C310011C3}.Release|Any CPU.Build.0 = Release|Any CPU
		{592C3E4F-1541-477E-9BFC-9CA98B0AD9CB}.Debug|Any CPU.ActiveCfg = Debug|Any CPU
		{592C3E4F-1541-477E-9BFC-9CA98B0AD9CB}.Debug|Any CPU.Build.0 = Debug|Any CPU
		{592C3E4F-1541-477E-9BFC-9CA98B0AD9CB}.Release|Any CPU.ActiveCfg = Release|Any CPU
		{592C3E4F-1541-477E-9BFC-9CA98B0AD9CB}.Release|Any CPU.Build.0 = Release|Any CPU
	EndGlobalSection
	GlobalSection(SolutionProperties) = preSolution
		HideSolutionNode = FALSE
	EndGlobalSection
	GlobalSection(NestedProjects) = preSolution
		{67C92317-A429-4D2B-890A-57A7B3FFFF4A} = {43A50054-C3CF-4BDA-B16F-497CAC15D838}
		{1D20CE74-E412-48B1-B8A7-C71B9035B87B} = {43A50054-C3CF-4BDA-B16F-497CAC15D838}
		{B20B53F4-D736-4345-A02C-048BDF00AEEA} = {43A50054-C3CF-4BDA-B16F-497CAC15D838}
		{88F15B7D-D490-4878-9B38-8C4B9D478C99} = {63DFAD3C-5EAA-4C65-B0ED-239A02584B58}
		{649E51D6-E76C-4A14-9BB0-28743BDF5FAA} = {63DFAD3C-5EAA-4C65-B0ED-239A02584B58}
		{81979BEF-97BC-44C4-B96B-46BC617AD0BC} = {63DFAD3C-5EAA-4C65-B0ED-239A02584B58}
		{2F517EB9-0F53-4512-A05D-CAC716249B7D} = {377E4794-BF0E-4202-A7AE-9A8C778C6FC2}
		{AA27AB38-3779-4E77-8C45-072C310011C3} = {377E4794-BF0E-4202-A7AE-9A8C778C6FC2}
		{592C3E4F-1541-477E-9BFC-9CA98B0AD9CB} = {377E4794-BF0E-4202-A7AE-9A8C778C6FC2}
	EndGlobalSection
	GlobalSection(ExtensibilityGlobals) = postSolution
		SolutionGuid = {60F512D5-315F-40B1-95A8-AED2954B7284}
	EndGlobalSection
EndGlobal
